{
  "requires": true,
  "lockfileVersion": 1,
  "dependencies": {
    "mocha": {
      "version": "8.1.3",
      "resolved": "https://registry.npmjs.org/mocha/-/mocha-8.1.3.tgz",
      "integrity": "sha512-ZbaYib4hT4PpF4bdSO2DohooKXIn4lDeiYqB+vTmCdr6l2woW0b6H3pf5x4sM5nwQMru9RvjjHYWVGltR50ZBw==",
      "requires": {
        "ansi-colors": "4.1.1",
        "browser-stdout": "1.3.1",
        "chokidar": "3.4.2",
        "debug": "4.1.1",
        "diff": "4.0.2",
        "escape-string-regexp": "4.0.0",
        "find-up": "5.0.0",
        "glob": "7.1.6",
        "growl": "1.10.5",
        "he": "1.2.0",
        "js-yaml": "3.14.0",
        "log-symbols": "4.0.0",
        "minimatch": "3.0.4",
        "ms": "2.1.2",
        "object.assign": "4.1.0",
        "promise.allsettled": "1.0.2",
        "serialize-javascript": "4.0.0",
        "strip-json-comments": "3.0.1",
        "supports-color": "7.1.0",
        "which": "2.0.2",
        "wide-align": "1.1.3",
        "workerpool": "6.0.0",
        "yargs": "13.3.2",
        "yargs-parser": "13.1.2",
        "yargs-unparser": "1.6.1"
      }
    }
  }
}
